<?xml version="1.0" encoding="utf-8"?>
<Project ToolsVersion="4.0" xmlns="http://schemas.microsoft.com/developer/msbuild/2003">
  <ItemGroup>
    <Filter Include="win32">
      <UniqueIdentifier>{84a8ebd7-7cf0-47f6-b75e-d441df67da40}</UniqueIdentifier>
    </Filter>
    <Filter Include="resource">
      <UniqueIdentifier>{715254bc-d70b-4ec5-bf29-467dd3ace079}</UniqueIdentifier>
    </Filter>
    <Filter Include="src">
      <UniqueIdentifier>{bb6c862e-70e9-49d9-81b7-3829a6f50471}</UniqueIdentifier>
    </Filter>
    <Filter Include="src\Game用の">
      <UniqueIdentifier>{ca3ea760-cb5c-47c1-bbc6-8b3379f0d609}</UniqueIdentifier>
    </Filter>
    <Filter Include="src\石脇">
      <UniqueIdentifier>{5e8e5c17-06de-48ed-93ba-aab546b21d06}</UniqueIdentifier>
    </Filter>
  </ItemGroup>
  <ItemGroup>
    <ClCompile Include="main.cpp">
      <Filter>win32</Filter>
    </ClCompile>
    <ClCompile Include="..\Classes\AppDelegate.cpp">
      <Filter>src</Filter>
    </ClCompile>
    <ClCompile Include="..\Classes\HelloWorldScene.cpp">
      <Filter>src</Filter>
    </ClCompile>
    <ClCompile Include="..\Classes\KBT\UILayer.cpp">
      <Filter>src</Filter>
    </ClCompile>
    <ClCompile Include="..\Classes\asada\Earth.cpp">
      <Filter>src</Filter>
    </ClCompile>
    <ClCompile Include="..\Classes\asada\Earth.cpp">
      <Filter>src\Game用の</Filter>
    </ClCompile>
    <ClCompile Include="..\Classes\GameScene.cpp">
      <Filter>src\Game用の</Filter>
    </ClCompile>
    <ClCompile Include="..\Classes\asada\Space.cpp">
      <Filter>src\Game用の</Filter>
    </ClCompile>
    <ClCompile Include="..\Classes\KBT\UILayer.cpp">
      <Filter>src\Game用の</Filter>
    </ClCompile>
    <ClCompile Include="..\Classes\isiwaki\SelectScene.cpp">
      <Filter>src\石脇</Filter>
    </ClCompile>
    <ClCompile Include="..\Classes\GameScene.cpp">
      <Filter>src\Game用の</Filter>
    </ClCompile>
    <ClCompile Include="..\Classes\asada\Space.cpp">
      <Filter>src\Game用の</Filter>
    </ClCompile>
    <ClCompile Include="..\Classes\asada\booster.cpp">
      <Filter>src\Game用の</Filter>
    </ClCompile>
    <ClCompile Include="..\Classes\asada\Rocket.cpp">
      <Filter>src\Game用の</Filter>
    </ClCompile>
    <ClCompile Include="..\Classes\asada\Calculation.cpp">
      <Filter>src\Game用の</Filter>
    </ClCompile>
    <ClCompile Include="..\Classes\KBT\Road.cpp" />
    <ClCompile Include="..\Classes\asada\Goal.cpp" />
    <ClCompile Include="..\Classes\ouse\NovelScene.cpp" />
    <ClCompile Include="..\Classes\KBT\GameOver.cpp" />
    <ClCompile Include="..\Classes\asada\Stage1.cpp" />
    <ClCompile Include="..\Classes\asada\Stagebase.cpp" />
    <ClCompile Include="..\Classes\oohasi\TitleScene.cpp">
      <Filter>src\Game用の</Filter>
    </ClCompile>
    <ClCompile Include="..\Classes\Statics.cpp" />
    <ClCompile Include="..\Classes\asada\Stage.cpp" />
    <ClCompile Include="..\Classes\GameScene2.cpp" />
    <ClCompile Include="..\Classes\asada\StartScene.cpp">
      <Filter>src</Filter>
    </ClCompile>
  </ItemGroup>
  <ItemGroup>
    <ClInclude Include="main.h">
      <Filter>win32</Filter>
    </ClInclude>
    <ClInclude Include="..\Classes\AppDelegate.h">
      <Filter>src</Filter>
    </ClInclude>
    <ClInclude Include="..\Classes\HelloWorldScene.h">
      <Filter>src</Filter>
    </ClInclude>
    <ClInclude Include="..\Classes\KBT\UILayer.h">
      <Filter>src</Filter>
    </ClInclude>
    <ClInclude Include="..\Classes\asada\Earth.h">
      <Filter>src</Filter>
    </ClInclude>
    <ClInclude Include="..\Classes\asada\Earth.h">
      <Filter>src\Game用の</Filter>
    </ClInclude>
    <ClInclude Include="..\Classes\GameScene.h">
      <Filter>src\Game用の</Filter>
    </ClInclude>
    <ClInclude Include="..\Classes\asada\Space.h">
      <Filter>src\Game用の</Filter>
    </ClInclude>
    <ClInclude Include="..\Classes\KBT\UILayer.h">
      <Filter>src\Game用の</Filter>
    </ClInclude>
    <ClInclude Include="..\Classes\isiwaki\SelectScene.h">
      <Filter>src\石脇</Filter>
    </ClInclude>
    <ClInclude Include="..\Classes\GameScene.h">
      <Filter>src\Game用の</Filter>
    </ClInclude>
    <ClInclude Include="..\Classes\asada\Space.h">
      <Filter>src\Game用の</Filter>
    </ClInclude>
    <ClInclude Include="..\Classes\asada\booster.h">
      <Filter>src\Game用の</Filter>
    </ClInclude>
    <ClInclude Include="..\Classes\asada\Rocket.h">
      <Filter>src\Game用の</Filter>
    </ClInclude>
    <ClInclude Include="..\Classes\asada\Calculation.h">
      <Filter>src\Game用の</Filter>
    </ClInclude>
    <ClInclude Include="..\Classes\KBT\Road.h" />
    <ClInclude Include="..\Classes\asada\Goal.h" />
    <ClInclude Include="..\Classes\ouse\NovelScene.h" />
    <ClInclude Include="..\Classes\KBT\GameOver.h" />
    <ClInclude Include="..\Classes\asada\Stage1.h" />
    <ClInclude Include="..\Classes\asada\Stagebase.h" />
    <ClInclude Include="..\Classes\oohasi\TitleScene.h">
      <Filter>src\Game用の</Filter>
    </ClInclude>
    <ClInclude Include="..\Classes\Statics.h" />
    <ClInclude Include="..\Classes\asada\Stage.h" />
    <ClInclude Include="..\Classes\GameScene2.h" />
    <ClInclude Include="..\Classes\asada\StartScene.h">
      <Filter>src</Filter>
    </ClInclude>
  </ItemGroup>
  <ItemGroup>
    <ResourceCompile Include="game.rc">
      <Filter>resource</Filter>
    </ResourceCompile>
  </ItemGroup>
  <ItemGroup>
    <Media Include="..\Resources\botanSE1.mp3" />
  </ItemGroup>
</Project>