<?xml version="1.0" encoding="utf-8"?>
<Project ToolsVersion="4.0" xmlns="http://schemas.microsoft.com/developer/msbuild/2003">
  <ItemGroup>
    <Filter Include="win32">
      <UniqueIdentifier>{84a8ebd7-7cf0-47f6-b75e-d441df67da40}</UniqueIdentifier>
    </Filter>
    <Filter Include="resource">
      <UniqueIdentifier>{715254bc-d70b-4ec5-bf29-467dd3ace079}</UniqueIdentifier>
    </Filter>
    <Filter Include="src">
      <UniqueIdentifier>{bb6c862e-70e9-49d9-81b7-3829a6f50471}</UniqueIdentifier>
    </Filter>
    <Filter Include="src\Game用の">
      <UniqueIdentifier>{ca3ea760-cb5c-47c1-bbc6-8b3379f0d609}</UniqueIdentifier>
    </Filter>
    <Filter Include="src\Game用の\ロケット">
      <UniqueIdentifier>{2cb2e604-e8e3-4d65-bc2e-7dc05a5b5e9f}</UniqueIdentifier>
    </Filter>
    <Filter Include="src\oohasi">
      <UniqueIdentifier>{04ec0a54-7f99-4118-94b6-987cf60b4c8c}</UniqueIdentifier>
    </Filter>
  </ItemGroup>
  <ItemGroup>
    <ClCompile Include="main.cpp">
      <Filter>win32</Filter>
    </ClCompile>
    <ClCompile Include="..\Classes\AppDelegate.cpp">
      <Filter>src</Filter>
    </ClCompile>
    <ClCompile Include="..\Classes\HelloWorldScene.cpp">
      <Filter>src</Filter>
    </ClCompile>
    <ClCompile Include="..\Classes\asada\Earth.cpp">
      <Filter>src\Game用の</Filter>
    </ClCompile>
    <ClCompile Include="..\Classes\GameScene.cpp">
      <Filter>src\Game用の</Filter>
    </ClCompile>
    <ClCompile Include="..\Classes\asada\Space.cpp">
      <Filter>src\Game用の</Filter>
    </ClCompile>
    <ClCompile Include="..\Classes\KBT\UILayer.cpp">
      <Filter>src\Game用の</Filter>
    </ClCompile>
    <ClCompile Include="..\Classes\asada\Rocket.cpp">
      <Filter>src\Game用の\ロケット</Filter>
    </ClCompile>
    <ClCompile Include="..\Classes\asada\booster.cpp">
      <Filter>src\Game用の\ロケット</Filter>
    </ClCompile>
    <ClCompile Include="..\Classes\oohasi\Title.cpp">
      <Filter>src\oohasi</Filter>
    </ClCompile>
  </ItemGroup>
  <ItemGroup>
    <ClInclude Include="main.h">
      <Filter>win32</Filter>
    </ClInclude>
    <ClInclude Include="..\Classes\AppDelegate.h">
      <Filter>src</Filter>
    </ClInclude>
    <ClInclude Include="..\Classes\HelloWorldScene.h">
      <Filter>src</Filter>
    </ClInclude>
    <ClInclude Include="..\Classes\asada\Earth.h">
      <Filter>src\Game用の</Filter>
    </ClInclude>
    <ClInclude Include="..\Classes\GameScene.h">
      <Filter>src\Game用の</Filter>
    </ClInclude>
    <ClInclude Include="..\Classes\asada\Space.h">
      <Filter>src\Game用の</Filter>
    </ClInclude>
    <ClInclude Include="..\Classes\KBT\UILayer.h">
      <Filter>src\Game用の</Filter>
    </ClInclude>
    <ClInclude Include="..\Classes\asada\Rocket.h">
      <Filter>src\Game用の\ロケット</Filter>
    </ClInclude>
    <ClInclude Include="..\Classes\asada\booster.h">
      <Filter>src\Game用の\ロケット</Filter>
    </ClInclude>
    <ClInclude Include="..\Classes\oohasi\Title.h">
      <Filter>src\oohasi</Filter>
    </ClInclude>
  </ItemGroup>
  <ItemGroup>
    <ResourceCompile Include="game.rc">
      <Filter>resource</Filter>
    </ResourceCompile>
  </ItemGroup>
</Project>